
Microsoft Visual Studio Solution File, Format Version 12.00
# Visual Studio Version 17
VisualStudioVersion = 17.14.36203.30 d17.14
MinimumVisualStudioVersion = 10.0.40219.1
Project("{888888A0-9F3D-457C-B088-3A5042F75D52}") = "File Analyzer", "File Analyzer\File Analyzer.pyproj", "{57F811FD-4129-440A-9C08-BF4BB3A059EB}"
EndProject
Global
	GlobalSection(SolutionConfigurationPlatforms) = preSolution
		Debug|Any CPU = Debug|Any CPU
		Release|Any CPU = Release|Any CPU
	EndGlobalSection
	GlobalSection(ProjectConfigurationPlatforms) = postSolution
		{57F811FD-4129-440A-9C08-BF4BB3A059EB}.Debug|Any CPU.ActiveCfg = Debug|Any CPU
		{57F811FD-4129-440A-9C08-BF4BB3A059EB}.Release|Any CPU.ActiveCfg = Release|Any CPU
	EndGlobalSection
	GlobalSection(SolutionProperties) = preSolution
		HideSolutionNode = FALSE
	EndGlobalSection
	GlobalSection(ExtensibilityGlobals) = postSolution
		SolutionGuid = {C3A8531B-B7BA-4CB1-94D5-B62691DEC9BC}
	EndGlobalSection
EndGlobal
